
Microsoft Visual Studio Solution File, Format Version 12.00
# Visual Studio Version 16
VisualStudioVersion = 16.0.31613.86
MinimumVisualStudioVersion = 10.0.40219.1
Project("{FAE04EC0-301F-11D3-BF4B-00C04F79EFBC}") = "StringReadersWriters", "StringReadersWriters.csproj", "{DF7642EA-CC5F-4B27-BF6D-A32825F03C19}"
EndProject
Global
	GlobalSection(SolutionConfigurationPlatforms) = preSolution
		Debug|Any CPU = Debug|Any CPU
		Release|Any CPU = Release|Any CPU
	EndGlobalSection
	GlobalSection(ProjectConfigurationPlatforms) = postSolution
		{DF7642EA-CC5F-4B27-BF6D-A32825F03C19}.Debug|Any CPU.ActiveCfg = Debug|Any CPU
		{DF7642EA-CC5F-4B27-BF6D-A32825F03C19}.Debug|Any CPU.Build.0 = Debug|Any CPU
		{DF7642EA-CC5F-4B27-BF6D-A32825F03C19}.Release|Any CPU.ActiveCfg = Release|Any CPU
		{DF7642EA-CC5F-4B27-BF6D-A32825F03C19}.Release|Any CPU.Build.0 = Release|Any CPU
	EndGlobalSection
	GlobalSection(SolutionProperties) = preSolution
		HideSolutionNode = FALSE
	EndGlobalSection
	GlobalSection(ExtensibilityGlobals) = postSolution
		SolutionGuid = {AD6CF47C-0AEC-41E5-B99B-8E529EFA4901}
	EndGlobalSection
EndGlobal
